
Microsoft Visual Studio Solution File, Format Version 12.00
# Visual Studio Version 16
VisualStudioVersion = 16.0.30330.147
MinimumVisualStudioVersion = 10.0.40219.1
Project("{FAE04EC0-301F-11D3-BF4B-00C04F79EFBC}") = "StaticExample", "StaticExample\StaticExample.csproj", "{7835692F-9A88-4CE5-9D60-110EB09654D7}"
EndProject
Project("{FAE04EC0-301F-11D3-BF4B-00C04F79EFBC}") = "StaticConsole", "StaticConsole\StaticConsole.csproj", "{4C8FE9C7-6CB3-414B-8238-BADFCABB7AB7}"
EndProject
Global
	GlobalSection(SolutionConfigurationPlatforms) = preSolution
		Debug|Any CPU = Debug|Any CPU
		Release|Any CPU = Release|Any CPU
	EndGlobalSection
	GlobalSection(ProjectConfigurationPlatforms) = postSolution
		{7835692F-9A88-4CE5-9D60-110EB09654D7}.Debug|Any CPU.ActiveCfg = Debug|Any CPU
		{7835692F-9A88-4CE5-9D60-110EB09654D7}.Debug|Any CPU.Build.0 = Debug|Any CPU
		{7835692F-9A88-4CE5-9D60-110EB09654D7}.Release|Any CPU.ActiveCfg = Release|Any CPU
		{7835692F-9A88-4CE5-9D60-110EB09654D7}.Release|Any CPU.Build.0 = Release|Any CPU
		{4C8FE9C7-6CB3-414B-8238-BADFCABB7AB7}.Debug|Any CPU.ActiveCfg = Debug|Any CPU
		{4C8FE9C7-6CB3-414B-8238-BADFCABB7AB7}.Debug|Any CPU.Build.0 = Debug|Any CPU
		{4C8FE9C7-6CB3-414B-8238-BADFCABB7AB7}.Release|Any CPU.ActiveCfg = Release|Any CPU
		{4C8FE9C7-6CB3-414B-8238-BADFCABB7AB7}.Release|Any CPU.Build.0 = Release|Any CPU
	EndGlobalSection
	GlobalSection(SolutionProperties) = preSolution
		HideSolutionNode = FALSE
	EndGlobalSection
	GlobalSection(ExtensibilityGlobals) = postSolution
		SolutionGuid = {E97BFFC7-9DF0-45A2-AF1E-649CA3A6E7D8}
	EndGlobalSection
EndGlobal
