
Microsoft Visual Studio Solution File, Format Version 12.00
# Visual Studio Version 16
VisualStudioVersion = 16.0.30330.147
MinimumVisualStudioVersion = 10.0.40219.1
Project("{FAE04EC0-301F-11D3-BF4B-00C04F79EFBC}") = "Gen0-1-2PerfMon", "Gen0-1-2PerfMon\Gen0-1-2PerfMon.csproj", "{657300A9-BC1B-48A4-9EEA-5F65EF16862C}"
EndProject
Global
	GlobalSection(SolutionConfigurationPlatforms) = preSolution
		Debug|Any CPU = Debug|Any CPU
		Release|Any CPU = Release|Any CPU
	EndGlobalSection
	GlobalSection(ProjectConfigurationPlatforms) = postSolution
		{657300A9-BC1B-48A4-9EEA-5F65EF16862C}.Debug|Any CPU.ActiveCfg = Debug|Any CPU
		{657300A9-BC1B-48A4-9EEA-5F65EF16862C}.Debug|Any CPU.Build.0 = Debug|Any CPU
		{657300A9-BC1B-48A4-9EEA-5F65EF16862C}.Release|Any CPU.ActiveCfg = Release|Any CPU
		{657300A9-BC1B-48A4-9EEA-5F65EF16862C}.Release|Any CPU.Build.0 = Release|Any CPU
	EndGlobalSection
	GlobalSection(SolutionProperties) = preSolution
		HideSolutionNode = FALSE
	EndGlobalSection
	GlobalSection(ExtensibilityGlobals) = postSolution
		SolutionGuid = {0C44C2CE-6B44-4463-9DF4-8F582BCA679F}
	EndGlobalSection
EndGlobal
