
Microsoft Visual Studio Solution File, Format Version 12.00
# Visual Studio Version 16
VisualStudioVersion = 16.0.30330.147
MinimumVisualStudioVersion = 10.0.40219.1
Project("{FAE04EC0-301F-11D3-BF4B-00C04F79EFBC}") = "LINQ", "LINQ\LINQ.csproj", "{5658821C-7DE2-47AD-B44D-073DB477B324}"
EndProject
Global
	GlobalSection(SolutionConfigurationPlatforms) = preSolution
		Debug|Any CPU = Debug|Any CPU
		Release|Any CPU = Release|Any CPU
	EndGlobalSection
	GlobalSection(ProjectConfigurationPlatforms) = postSolution
		{5658821C-7DE2-47AD-B44D-073DB477B324}.Debug|Any CPU.ActiveCfg = Debug|Any CPU
		{5658821C-7DE2-47AD-B44D-073DB477B324}.Debug|Any CPU.Build.0 = Debug|Any CPU
		{5658821C-7DE2-47AD-B44D-073DB477B324}.Release|Any CPU.ActiveCfg = Release|Any CPU
		{5658821C-7DE2-47AD-B44D-073DB477B324}.Release|Any CPU.Build.0 = Release|Any CPU
	EndGlobalSection
	GlobalSection(SolutionProperties) = preSolution
		HideSolutionNode = FALSE
	EndGlobalSection
	GlobalSection(ExtensibilityGlobals) = postSolution
		SolutionGuid = {40BD11CB-9610-4AEA-9014-96742C70120F}
	EndGlobalSection
EndGlobal
